# THIS IS AN AUTOGENERATED FILE. DO NOT EDIT THIS FILE DIRECTLY.
# yarn lockfile v1


"@babel/parser@^7.11.5":
  version "7.11.5"
  resolved "https://registry.yarnpkg.com/@babel/parser/-/parser-7.11.5.tgz#c7ff6303df71080ec7a4f5b8c003c58f1cf51037"
  integrity sha512-X9rD8qqm695vgmeaQ4fvz/o3+Wk4ZzQvSHkDBgpYKxpD4qTAUm88ZKtHkVqIOsYFFbIQ6wQYhC6q7pjqVK0E0Q==
